{
  "lockfileVersion": 1,
  "workspaces": {
    "": {
      "name": "rspress-plugin-font-figtree",
      "dependencies": {
        "@fontsource-variable/figtree": "^5.2.8",
      },
      "devDependencies": {
        "@biomejs/biome": "2.1.1",
        "@rslib/core": "0.10.5",
        "@rspress/shared": "1.44.0",
        "@tsconfig/node-lts": "22.0.2",
        "@types/node": "24.0.14",
        "typescript": "5.8.3",
      },
    },
  },
  "packages": {
    "@ast-grep/napi": ["@ast-grep/napi@0.37.0", "", { "optionalDependencies": { "@ast-grep/napi-darwin-arm64": "0.37.0", "@ast-grep/napi-darwin-x64": "0.37.0", "@ast-grep/napi-linux-arm64-gnu": "0.37.0", "@ast-grep/napi-linux-arm64-musl": "0.37.0", "@ast-grep/napi-linux-x64-gnu": "0.37.0", "@ast-grep/napi-linux-x64-musl": "0.37.0", "@ast-grep/napi-win32-arm64-msvc": "0.37.0", "@ast-grep/napi-win32-ia32-msvc": "0.37.0", "@ast-grep/napi-win32-x64-msvc": "0.37.0" } }, "sha512-Hb4o6h1Pf6yRUAX07DR4JVY7dmQw+RVQMW5/m55GoiAT/VRoKCWBtIUPPOnqDVhbx1Cjfil9b6EDrgJsUAujEQ=="],

    "@ast-grep/napi-darwin-arm64": ["@ast-grep/napi-darwin-arm64@0.37.0", "", { "os": "darwin", "cpu": "arm64" }, "sha512-QAiIiaAbLvMEg/yBbyKn+p1gX2/FuaC0SMf7D7capm/oG4xGMzdeaQIcSosF4TCxxV+hIH4Bz9e4/u7w6Bnk3Q=="],

    "@ast-grep/napi-darwin-x64": ["@ast-grep/napi-darwin-x64@0.37.0", "", { "os": "darwin", "cpu": "x64" }, "sha512-zvcvdgekd4ySV3zUbUp8HF5nk5zqwiMXTuVzTUdl/w08O7JjM6XPOIVT+d2o/MqwM9rsXdzdergY5oY2RdhSPA=="],

    "@ast-grep/napi-linux-arm64-gnu": ["@ast-grep/napi-linux-arm64-gnu@0.37.0", "", { "os": "linux", "cpu": "arm64" }, "sha512-L7Sj0lXy8X+BqSMgr1LB8cCoWk0rericdeu+dC8/c8zpsav5Oo2IQKY1PmiZ7H8IHoFBbURLf8iklY9wsD+cyA=="],

    "@ast-grep/napi-linux-arm64-musl": ["@ast-grep/napi-linux-arm64-musl@0.37.0", "", { "os": "linux", "cpu": "arm64" }, "sha512-LF9sAvYy6es/OdyJDO3RwkX3I82Vkfsng1sqUBcoWC1jVb1wX5YVzHtpQox9JrEhGl+bNp7FYxB4Qba9OdA5GA=="],

    "@ast-grep/napi-linux-x64-gnu": ["@ast-grep/napi-linux-x64-gnu@0.37.0", "", { "os": "linux", "cpu": "x64" }, "sha512-TViz5/klqre6aSmJzswEIjApnGjJzstG/SE8VDWsrftMBMYt2PTu3MeluZVwzSqDao8doT/P+6U11dU05UOgxw=="],

    "@ast-grep/napi-linux-x64-musl": ["@ast-grep/napi-linux-x64-musl@0.37.0", "", { "os": "linux", "cpu": "x64" }, "sha512-/BcCH33S9E3ovOAEoxYngUNXgb+JLg991sdyiNP2bSoYd30a9RHrG7CYwW6fMgua3ijQ474eV6cq9yZO1bCpXg=="],

    "@ast-grep/napi-win32-arm64-msvc": ["@ast-grep/napi-win32-arm64-msvc@0.37.0", "", { "os": "win32", "cpu": "arm64" }, "sha512-TjQA4cFoIEW2bgjLkaL9yqT4XWuuLa5MCNd0VCDhGRDMNQ9+rhwi9eLOWRaap3xzT7g+nlbcEHL3AkVCD2+b3A=="],

    "@ast-grep/napi-win32-ia32-msvc": ["@ast-grep/napi-win32-ia32-msvc@0.37.0", "", { "os": "win32", "cpu": "ia32" }, "sha512-uNmVka8fJCdYsyOlF9aZqQMLTatEYBynjChVTzUfFMDfmZ0bihs/YTqJVbkSm8TZM7CUX82apvn50z/dX5iWRA=="],

    "@ast-grep/napi-win32-x64-msvc": ["@ast-grep/napi-win32-x64-msvc@0.37.0", "", { "os": "win32", "cpu": "x64" }, "sha512-vCiFOT3hSCQuHHfZ933GAwnPzmL0G04JxQEsBRfqONywyT8bSdDc/ECpAfr3S9VcS4JZ9/F6tkePKW/Om2Dq2g=="],

    "@biomejs/biome": ["@biomejs/biome@2.1.1", "", { "optionalDependencies": { "@biomejs/cli-darwin-arm64": "2.1.1", "@biomejs/cli-darwin-x64": "2.1.1", "@biomejs/cli-linux-arm64": "2.1.1", "@biomejs/cli-linux-arm64-musl": "2.1.1", "@biomejs/cli-linux-x64": "2.1.1", "@biomejs/cli-linux-x64-musl": "2.1.1", "@biomejs/cli-win32-arm64": "2.1.1", "@biomejs/cli-win32-x64": "2.1.1" }, "bin": { "biome": "bin/biome" } }, "sha512-HFGYkxG714KzG+8tvtXCJ1t1qXQMzgWzfvQaUjxN6UeKv+KvMEuliInnbZLJm6DXFXwqVi6446EGI0sGBLIYng=="],

    "@biomejs/cli-darwin-arm64": ["@biomejs/cli-darwin-arm64@2.1.1", "", { "os": "darwin", "cpu": "arm64" }, "sha512-2Muinu5ok4tWxq4nu5l19el48cwCY/vzvI7Vjbkf3CYIQkjxZLyj0Ad37Jv2OtlXYaLvv+Sfu1hFeXt/JwRRXQ=="],

    "@biomejs/cli-darwin-x64": ["@biomejs/cli-darwin-x64@2.1.1", "", { "os": "darwin", "cpu": "x64" }, "sha512-cC8HM5lrgKQXLAK+6Iz2FrYW5A62pAAX6KAnRlEyLb+Q3+Kr6ur/sSuoIacqlp1yvmjHJqjYfZjPvHWnqxoEIA=="],

    "@biomejs/cli-linux-arm64": ["@biomejs/cli-linux-arm64@2.1.1", "", { "os": "linux", "cpu": "arm64" }, "sha512-tw4BEbhAUkWPe4WBr6IX04DJo+2jz5qpPzpW/SWvqMjb9QuHY8+J0M23V8EPY/zWU4IG8Ui0XESapR1CB49Q7g=="],

    "@biomejs/cli-linux-arm64-musl": ["@biomejs/cli-linux-arm64-musl@2.1.1", "", { "os": "linux", "cpu": "arm64" }, "sha512-/7FBLnTswu4jgV9ttI3AMIdDGqVEPIZd8I5u2D4tfCoj8rl9dnjrEQbAIDlWhUXdyWlFSz8JypH3swU9h9P+2A=="],

    "@biomejs/cli-linux-x64": ["@biomejs/cli-linux-x64@2.1.1", "", { "os": "linux", "cpu": "x64" }, "sha512-3WJ1GKjU7NzZb6RTbwLB59v9cTIlzjbiFLDB0z4376TkDqoNYilJaC37IomCr/aXwuU8QKkrYoHrgpSq5ffJ4Q=="],

    "@biomejs/cli-linux-x64-musl": ["@biomejs/cli-linux-x64-musl@2.1.1", "", { "os": "linux", "cpu": "x64" }, "sha512-kUu+loNI3OCD2c12cUt7M5yaaSjDnGIksZwKnueubX6c/HWUyi/0mPbTBHR49Me3F0KKjWiKM+ZOjsmC+lUt9g=="],

    "@biomejs/cli-win32-arm64": ["@biomejs/cli-win32-arm64@2.1.1", "", { "os": "win32", "cpu": "arm64" }, "sha512-vEHK0v0oW+E6RUWLoxb2isI3rZo57OX9ZNyyGH701fZPj6Il0Rn1f5DMNyCmyflMwTnIQstEbs7n2BxYSqQx4Q=="],

    "@biomejs/cli-win32-x64": ["@biomejs/cli-win32-x64@2.1.1", "", { "os": "win32", "cpu": "x64" }, "sha512-i2PKdn70kY++KEF/zkQFvQfX1e8SkA8hq4BgC+yE9dZqyLzB/XStY2MvwI3qswlRgnGpgncgqe0QYKVS1blksg=="],

    "@emnapi/core": ["@emnapi/core@1.4.3", "", { "dependencies": { "@emnapi/wasi-threads": "1.0.2", "tslib": "^2.4.0" } }, "sha512-4m62DuCE07lw01soJwPiBGC0nAww0Q+RY70VZ+n49yDIO13yyinhbWCeNnaob0lakDtWQzSdtNWzJeOJt2ma+g=="],

    "@emnapi/runtime": ["@emnapi/runtime@1.4.3", "", { "dependencies": { "tslib": "^2.4.0" } }, "sha512-pBPWdu6MLKROBX05wSNKcNb++m5Er+KQ9QkB+WVM+pW2Kx9hoSrVTnu3BdkI5eBLZoKu/J6mW/B6i6bJB2ytXQ=="],

    "@emnapi/wasi-threads": ["@emnapi/wasi-threads@1.0.2", "", { "dependencies": { "tslib": "^2.4.0" } }, "sha512-5n3nTJblwRi8LlXkJ9eBzu+kZR8Yxcc7ubakyQTFzPMtIhFpUBRbsnc2Dv88IZDIbCDlBiWrknhB4Lsz7mg6BA=="],

    "@fontsource-variable/figtree": ["@fontsource-variable/figtree@5.2.8", "", {}, "sha512-T1X/m2Yw0nKSlbBmaPdZR9Ed1I0cXZVIGc6kScyo9wgyxtGXR+bawboP+W2DHNMHWz90JEz1IAEPQ5bcNprn0w=="],

    "@jridgewell/sourcemap-codec": ["@jridgewell/sourcemap-codec@1.5.0", "", {}, "sha512-gv3ZRaISU3fjPAgNsriBRqGWQL6quFx04YMPW/zD8XMLsU32mhCCbfbO6KZFLjvYpCZ8zyDEgqsgf+PwPaM7GQ=="],

    "@module-federation/error-codes": ["@module-federation/error-codes@0.15.0", "", {}, "sha512-CFJSF+XKwTcy0PFZ2l/fSUpR4z247+Uwzp1sXVkdIfJ/ATsnqf0Q01f51qqSEA6MYdQi6FKos9FIcu3dCpQNdg=="],

    "@module-federation/runtime": ["@module-federation/runtime@0.15.0", "", { "dependencies": { "@module-federation/error-codes": "0.15.0", "@module-federation/runtime-core": "0.15.0", "@module-federation/sdk": "0.15.0" } }, "sha512-dTPsCNum9Bhu3yPOcrPYq0YnM9eCMMMNB1wuiqf1+sFbQlNApF0vfZxooqz3ln0/MpgE0jerVvFsLVGfqvC9Ug=="],

    "@module-federation/runtime-core": ["@module-federation/runtime-core@0.15.0", "", { "dependencies": { "@module-federation/error-codes": "0.15.0", "@module-federation/sdk": "0.15.0" } }, "sha512-RYzI61fRDrhyhaEOXH3AgIGlHiot0wPFXu7F43cr+ZnTi+VlSYWLdlZ4NBuT9uV6JSmH54/c+tEZm5SXgKR2sQ=="],

    "@module-federation/runtime-tools": ["@module-federation/runtime-tools@0.15.0", "", { "dependencies": { "@module-federation/runtime": "0.15.0", "@module-federation/webpack-bundler-runtime": "0.15.0" } }, "sha512-kzFn3ObUeBp5vaEtN1WMxhTYBuYEErxugu1RzFUERD21X3BZ+b4cWwdFJuBDlsmVjctIg/QSOoZoPXRKAO0foA=="],

    "@module-federation/sdk": ["@module-federation/sdk@0.15.0", "", {}, "sha512-PWiYbGcJrKUD6JZiEPihrXhV3bgXdll4bV7rU+opV7tHaun+Z0CdcawjZ82Xnpb8MCPGmqHwa1MPFeUs66zksw=="],

    "@module-federation/webpack-bundler-runtime": ["@module-federation/webpack-bundler-runtime@0.15.0", "", { "dependencies": { "@module-federation/runtime": "0.15.0", "@module-federation/sdk": "0.15.0" } }, "sha512-i+3wu2Ljh2TmuUpsnjwZVupOVqV50jP0ndA8PSP4gwMKlgdGeaZ4VH5KkHAXGr2eiYUxYLMrJXz1+eILJqeGDg=="],

    "@napi-rs/wasm-runtime": ["@napi-rs/wasm-runtime@0.2.11", "", { "dependencies": { "@emnapi/core": "^1.4.3", "@emnapi/runtime": "^1.4.3", "@tybys/wasm-util": "^0.9.0" } }, "sha512-9DPkXtvHydrcOsopiYpUgPHpmj0HWZKMUnL2dZqpvC42lsratuBG06V5ipyno0fUek5VlFsNQ+AcFATSrJXgMA=="],

    "@rsbuild/core": ["@rsbuild/core@1.4.4", "", { "dependencies": { "@rspack/core": "1.4.2", "@rspack/lite-tapable": "~1.0.1", "@swc/helpers": "^0.5.17", "core-js": "~3.43.0", "jiti": "^2.4.2" }, "bin": { "rsbuild": "bin/rsbuild.js" } }, "sha512-JN/AUT9yN4JkbVLAPnrWu9q5Q0EQVrzDzlK5jHT/nbWWA4z1HYWFSdI1iuK8+nwfQ4zEOQalVv1+Jlk+qV7HoQ=="],

    "@rslib/core": ["@rslib/core@0.10.5", "", { "dependencies": { "@rsbuild/core": "~1.4.3", "rsbuild-plugin-dts": "0.10.5", "tinyglobby": "^0.2.14" }, "peerDependencies": { "@microsoft/api-extractor": "^7", "typescript": "^5" }, "optionalPeers": ["@microsoft/api-extractor", "typescript"], "bin": { "rslib": "bin/rslib.js" } }, "sha512-kThW/bkKgja++/AykW1fJaRK+TAiW3+ZSWiCKJxHHS87ZQc/PeRTxk2A0upHi7R3CyfdGgXGNcEBPoeBUj4zYw=="],

    "@rspack/binding": ["@rspack/binding@1.4.2", "", { "optionalDependencies": { "@rspack/binding-darwin-arm64": "1.4.2", "@rspack/binding-darwin-x64": "1.4.2", "@rspack/binding-linux-arm64-gnu": "1.4.2", "@rspack/binding-linux-arm64-musl": "1.4.2", "@rspack/binding-linux-x64-gnu": "1.4.2", "@rspack/binding-linux-x64-musl": "1.4.2", "@rspack/binding-wasm32-wasi": "1.4.2", "@rspack/binding-win32-arm64-msvc": "1.4.2", "@rspack/binding-win32-ia32-msvc": "1.4.2", "@rspack/binding-win32-x64-msvc": "1.4.2" } }, "sha512-NdTLlA20ufD0thFvDIwwPk+bX9yo3TDE4XjfvZYbwFyYvBgqJOWQflnbwLgvSTck0MSTiOqWIqpR88ymAvWTqg=="],

    "@rspack/binding-darwin-arm64": ["@rspack/binding-darwin-arm64@1.4.2", "", { "os": "darwin", "cpu": "arm64" }, "sha512-0fPOew7D0l/x6qFZYdyUqutbw15K98VLvES2/7x2LPssTgypE4rVmnQSmVBnge3Nr8Qs/9qASPRpMWXBaqMfOA=="],

    "@rspack/binding-darwin-x64": ["@rspack/binding-darwin-x64@1.4.2", "", { "os": "darwin", "cpu": "x64" }, "sha512-0Dh6ssGgwnd9G+IO8SwQaJ0RJ8NkQbk4hwoJH/u52Mnfl0EvhmNvuhkbSEoKn1U3kElOA2cxH/3gbYzuYExn3g=="],

    "@rspack/binding-linux-arm64-gnu": ["@rspack/binding-linux-arm64-gnu@1.4.2", "", { "os": "linux", "cpu": "arm64" }, "sha512-UHAzggS8Mc7b3Xguhj82HwujLqBZquCeo8qJj5XreNaMKGb6YRw/91dJOVmkNiLCB0bj71CRE1Cocd+Peq3N9A=="],

    "@rspack/binding-linux-arm64-musl": ["@rspack/binding-linux-arm64-musl@1.4.2", "", { "os": "linux", "cpu": "arm64" }, "sha512-QybZ0VxlFih+upLoE7Le5cN3LpxJwk6EnEQTigmzpfc4c4SOC889ftBoIAO3IeBk+mF3H2C9xD+/NolTdwoeiw=="],

    "@rspack/binding-linux-x64-gnu": ["@rspack/binding-linux-x64-gnu@1.4.2", "", { "os": "linux", "cpu": "x64" }, "sha512-ucCCWdtH1tekZadrsYj6GNJ8EP21BM2uSE7MootbwLw8aBtgVTKUuRDQEps1h/rtrdthzd9XBX6Lc2N926gM+g=="],

    "@rspack/binding-linux-x64-musl": ["@rspack/binding-linux-x64-musl@1.4.2", "", { "os": "linux", "cpu": "x64" }, "sha512-+Y2LS6Qyk2AZor8DqlA8yKCqElYr0Urjc3M66O4ZzlxDT5xXX0J2vp04AtFp0g81q/+UgV3cbC//dqDvO0SiBA=="],

    "@rspack/binding-wasm32-wasi": ["@rspack/binding-wasm32-wasi@1.4.2", "", { "dependencies": { "@napi-rs/wasm-runtime": "^0.2.11" }, "cpu": "none" }, "sha512-3WvfHY7NvzORek3FcQWLI/B8wQ7NZe0e0Bub9GyLNVxe5Bi+dxnSzEg6E7VsjbUzKnYufJA0hDKbEJ2qCMvpdw=="],

    "@rspack/binding-win32-arm64-msvc": ["@rspack/binding-win32-arm64-msvc@1.4.2", "", { "os": "win32", "cpu": "arm64" }, "sha512-Y6L9DrLFRW6qBBCY3xBt7townStN5mlcbBTuG1zeXl0KcORPv1G1Cq6HXP6f1em+YsHE1iwnNqLvv4svg5KsnQ=="],

    "@rspack/binding-win32-ia32-msvc": ["@rspack/binding-win32-ia32-msvc@1.4.2", "", { "os": "win32", "cpu": "ia32" }, "sha512-FyTJrL7GcYXPWKUB9Oj2X29kfma6MUgM9PyXGy8gDMti21kMMhpHp/bGVqfurRbazDyklDuLLtbHuawpa6toeA=="],

    "@rspack/binding-win32-x64-msvc": ["@rspack/binding-win32-x64-msvc@1.4.2", "", { "os": "win32", "cpu": "x64" }, "sha512-ODSU26tmG8MfMFDHCaMLCORB64EVdEtDvPP5zJs0Mgh7vQaqweJtqgG0ukZCQy4ApUatOrMaZrLk557jp9Biyw=="],

    "@rspack/core": ["@rspack/core@1.4.2", "", { "dependencies": { "@module-federation/runtime-tools": "0.15.0", "@rspack/binding": "1.4.2", "@rspack/lite-tapable": "1.0.1" }, "peerDependencies": { "@swc/helpers": ">=0.5.1" }, "optionalPeers": ["@swc/helpers"] }, "sha512-Mmk3X3fbOLtRq4jX8Ebp3rfjr75YgupvNksQb0WbaGEVr5l1b6woPH/LaXF2v9U9DP83wmpZJXJ8vclB5JfL/w=="],

    "@rspack/lite-tapable": ["@rspack/lite-tapable@1.0.1", "", {}, "sha512-VynGOEsVw2s8TAlLf/uESfrgfrq2+rcXB1muPJYBWbsm1Oa6r5qVQhjA5ggM6z/coYPrsVMgovl3Ff7Q7OCp1w=="],

    "@rspress/shared": ["@rspress/shared@1.44.0", "", { "dependencies": { "@rsbuild/core": "~1.3.18", "gray-matter": "4.0.3", "lodash-es": "^4.17.21", "unified": "^10.1.2" } }, "sha512-a+yf9/UZRJHEaIA7ktAahaQC/iby/UBpNz+gWyQRYkQgkJdIhaVITWT51lCjYXKjv09yT68RmCVG3Yvs1kC0JQ=="],

    "@swc/helpers": ["@swc/helpers@0.5.17", "", { "dependencies": { "tslib": "^2.8.0" } }, "sha512-5IKx/Y13RsYd+sauPb2x+U/xZikHjolzfuDgTAl/Tdf3Q8rslRvC19NKDLgAJQ6wsqADk10ntlv08nPFw/gO/A=="],

    "@tsconfig/node-lts": ["@tsconfig/node-lts@22.0.2", "", {}, "sha512-Kgq5yXTvnUnvlhob0xJpOH4na9PWtuFhHSf94MpDwnENWgiFeJKDNANQV2MT1WpXZYkK2WSWfVYKhVkR7bc8TA=="],

    "@tybys/wasm-util": ["@tybys/wasm-util@0.9.0", "", { "dependencies": { "tslib": "^2.4.0" } }, "sha512-6+7nlbMVX/PVDCwaIQ8nTOPveOcFLSt8GcXdx8hD0bt39uWxYT88uXzqTd4fTvqta7oeUJqudepapKNt2DYJFw=="],

    "@types/node": ["@types/node@24.0.14", "", { "dependencies": { "undici-types": "~7.8.0" } }, "sha512-4zXMWD91vBLGRtHK3YbIoFMia+1nqEz72coM42C5ETjnNCa/heoj7NT1G67iAfOqMmcfhuCZ4uNpyz8EjlAejw=="],

    "@types/unist": ["@types/unist@2.0.11", "", {}, "sha512-CmBKiL6NNo/OqgmMn95Fk9Whlp2mtvIv+KNpQKN2F4SjvrEesubTRWGYSg+BnWZOnlCaSTU1sMpsBOzgbYhnsA=="],

    "argparse": ["argparse@1.0.10", "", { "dependencies": { "sprintf-js": "~1.0.2" } }, "sha512-o5Roy6tNG4SL/FOkCAN6RzjiakZS25RLYFrcMttJqbdd8BWrnA+fGz57iN5Pb06pvBGvl5gQ0B48dJlslXvoTg=="],

    "bail": ["bail@2.0.2", "", {}, "sha512-0xO6mYd7JB2YesxDKplafRpsiOzPt9V02ddPCLbY1xYGPOX24NTyN50qnUxgCPcSoYMhKpAuBTjQoRZCAkUDRw=="],

    "caniuse-lite": ["caniuse-lite@1.0.30001718", "", {}, "sha512-AflseV1ahcSunK53NfEs9gFWgOEmzr0f+kaMFA4xiLZlr9Hzt7HxcSpIFcnNCUkz6R6dWKa54rUz3HUmI3nVcw=="],

    "core-js": ["core-js@3.43.0", "", {}, "sha512-N6wEbTTZSYOY2rYAn85CuvWWkCK6QweMn7/4Nr3w+gDBeBhk/x4EJeY6FPo4QzDoJZxVTv8U7CMvgWk6pOHHqA=="],

    "esprima": ["esprima@4.0.1", "", { "bin": { "esparse": "./bin/esparse.js", "esvalidate": "./bin/esvalidate.js" } }, "sha512-eGuFFw7Upda+g4p+QHvnW0RyTX/SVeJBDM/gCtMARO0cLuT2HcEKnTPvhjV6aGeqrCB/sbNop0Kszm0jsaWU4A=="],

    "extend": ["extend@3.0.2", "", {}, "sha512-fjquC59cD7CyW6urNXK0FBufkZcoiGG80wTuPujX590cB5Ttln20E2UB4S/WARVqhXffZl2LNgS+gQdPIIim/g=="],

    "extend-shallow": ["extend-shallow@2.0.1", "", { "dependencies": { "is-extendable": "^0.1.0" } }, "sha512-zCnTtlxNoAiDc3gqY2aYAWFx7XWWiasuF2K8Me5WbN8otHKTUKBwjPtNpRs/rbUZm7KxWAaNj7P1a/p52GbVug=="],

    "fdir": ["fdir@6.4.4", "", { "peerDependencies": { "picomatch": "^3 || ^4" }, "optionalPeers": ["picomatch"] }, "sha512-1NZP+GK4GfuAv3PqKvxQRDMjdSRZjnkq7KfhlNrCNNlZ0ygQFpebfrnfnq/W7fpUnAv9aGWmY1zKx7FYL3gwhg=="],

    "gray-matter": ["gray-matter@4.0.3", "", { "dependencies": { "js-yaml": "^3.13.1", "kind-of": "^6.0.2", "section-matter": "^1.0.0", "strip-bom-string": "^1.0.0" } }, "sha512-5v6yZd4JK3eMI3FqqCouswVqwugaA9r4dNZB1wwcmrD02QkV5H0y7XBQW8QwQqEaZY1pM9aqORSORhJRdNK44Q=="],

    "is-buffer": ["is-buffer@2.0.5", "", {}, "sha512-i2R6zNFDwgEHJyQUtJEk0XFi1i0dPFn/oqjK3/vPCcDeJvW5NQ83V8QbicfF1SupOaB0h8ntgBC2YiE7dfyctQ=="],

    "is-extendable": ["is-extendable@0.1.1", "", {}, "sha512-5BMULNob1vgFX6EjQw5izWDxrecWK9AM72rugNr0TFldMOi0fj6Jk+zeKIt0xGj4cEfQIJth4w3OKWOJ4f+AFw=="],

    "is-plain-obj": ["is-plain-obj@4.1.0", "", {}, "sha512-+Pgi+vMuUNkJyExiMBt5IlFoMyKnr5zhJ4Uspz58WOhBF5QoIZkFyNHIbBAtHwzVAgk5RtndVNsDRN61/mmDqg=="],

    "jiti": ["jiti@2.4.2", "", { "bin": { "jiti": "lib/jiti-cli.mjs" } }, "sha512-rg9zJN+G4n2nfJl5MW3BMygZX56zKPNVEYYqq7adpmMh4Jn2QNEwhvQlFy6jPVdcod7txZtKHWnyZiA3a0zP7A=="],

    "js-yaml": ["js-yaml@3.14.1", "", { "dependencies": { "argparse": "^1.0.7", "esprima": "^4.0.0" }, "bin": { "js-yaml": "bin/js-yaml.js" } }, "sha512-okMH7OXXJ7YrN9Ok3/SXrnu4iX9yOk+25nqX4imS2npuvTYDmo/QEZoqwZkYaIDk3jVvBOTOIEgEhaLOynBS9g=="],

    "json5": ["json5@2.2.3", "", { "bin": { "json5": "lib/cli.js" } }, "sha512-XmOWe7eyHYH14cLdVPoyg+GOH3rYX++KpzrylJwSW98t3Nk+U8XOl8FWKOgwtzdb8lXGf6zYwDUzeHMWfxasyg=="],

    "kind-of": ["kind-of@6.0.3", "", {}, "sha512-dcS1ul+9tmeD95T+x28/ehLgd9mENa3LsvDTtzm3vyBEO7RPptvAD+t44WVXaUjTBRcrpFeFlC8WCruUR456hw=="],

    "lodash-es": ["lodash-es@4.17.21", "", {}, "sha512-mKnC+QJ9pWVzv+C4/U3rRsHapFfHvQFoFB92e52xeyGMcX6/OlIl78je1u8vePzYZSkkogMPJ2yjxxsb89cxyw=="],

    "magic-string": ["magic-string@0.30.17", "", { "dependencies": { "@jridgewell/sourcemap-codec": "^1.5.0" } }, "sha512-sNPKHvyjVf7gyjwS4xGTaW/mCnF8wnjtifKBEhxfZ7E/S8tQ0rssrwGNn6q8JH/ohItJfSQp9mBtQYuTlH5QnA=="],

    "minimist": ["minimist@1.2.8", "", {}, "sha512-2yyAR8qBkN3YuheJanUpWC5U3bb5osDywNB8RzDVlDwDHbocAJveqqj1u8+SVD7jkWT4yvsHCpWqqWqAxb0zCA=="],

    "picocolors": ["picocolors@1.1.1", "", {}, "sha512-xceH2snhtb5M9liqDsmEw56le376mTZkEX/jEb/RxNFyegNul7eNslCXP9FDj/Lcu0X8KEyMceP2ntpaHrDEVA=="],

    "picomatch": ["picomatch@4.0.2", "", {}, "sha512-M7BAV6Rlcy5u+m6oPhAPFgJTzAioX/6B0DxyvDlo9l8+T3nLKbrczg2WLUyzd45L8RqfUMyGPzekbMvX2Ldkwg=="],

    "rsbuild-plugin-dts": ["rsbuild-plugin-dts@0.10.5", "", { "dependencies": { "@ast-grep/napi": "0.37.0", "magic-string": "^0.30.17", "picocolors": "1.1.1", "tinyglobby": "^0.2.14", "tsconfig-paths": "^4.2.0" }, "peerDependencies": { "@microsoft/api-extractor": "^7", "@rsbuild/core": "1.x", "typescript": "^5" }, "optionalPeers": ["@microsoft/api-extractor", "typescript"] }, "sha512-gjngxgV0RD4T7aKDTf7kho9IUBNjHR+Y3krYwNEnUakOiuk9Fn03MxVCcASyCsPY+H7HooI8P8wXZoPhiSWSZA=="],

    "section-matter": ["section-matter@1.0.0", "", { "dependencies": { "extend-shallow": "^2.0.1", "kind-of": "^6.0.0" } }, "sha512-vfD3pmTzGpufjScBh50YHKzEu2lxBWhVEHsNGoEXmCmn2hKGfeNLYMzCJpe8cD7gqX7TJluOVpBkAequ6dgMmA=="],

    "sprintf-js": ["sprintf-js@1.0.3", "", {}, "sha512-D9cPgkvLlV3t3IzL0D0YLvGA9Ahk4PcvVwUbN0dSGr1aP0Nrt4AEnTUbuGvquEC0mA64Gqt1fzirlRs5ibXx8g=="],

    "strip-bom": ["strip-bom@3.0.0", "", {}, "sha512-vavAMRXOgBVNF6nyEEmL3DBK19iRpDcoIwW+swQ+CbGiu7lju6t+JklA1MHweoWtadgt4ISVUsXLyDq34ddcwA=="],

    "strip-bom-string": ["strip-bom-string@1.0.0", "", {}, "sha512-uCC2VHvQRYu+lMh4My/sFNmF2klFymLX1wHJeXnbEJERpV/ZsVuonzerjfrGpIGF7LBVa1O7i9kjiWvJiFck8g=="],

    "tinyglobby": ["tinyglobby@0.2.14", "", { "dependencies": { "fdir": "^6.4.4", "picomatch": "^4.0.2" } }, "sha512-tX5e7OM1HnYr2+a2C/4V0htOcSQcoSTH9KgJnVvNm5zm/cyEWKJ7j7YutsH9CxMdtOkkLFy2AHrMci9IM8IPZQ=="],

    "trough": ["trough@2.2.0", "", {}, "sha512-tmMpK00BjZiUyVyvrBK7knerNgmgvcV/KLVyuma/SC+TQN167GrMRciANTz09+k3zW8L8t60jWO1GpfkZdjTaw=="],

    "tsconfig-paths": ["tsconfig-paths@4.2.0", "", { "dependencies": { "json5": "^2.2.2", "minimist": "^1.2.6", "strip-bom": "^3.0.0" } }, "sha512-NoZ4roiN7LnbKn9QqE1amc9DJfzvZXxF4xDavcOWt1BPkdx+m+0gJuPM+S0vCe7zTJMYUP0R8pO2XMr+Y8oLIg=="],

    "tslib": ["tslib@2.8.1", "", {}, "sha512-oJFu94HQb+KVduSUQL7wnpmqnfmLsOA/nAh6b6EH0wCEoK0/mPeXU6c3wKDV83MkOuHPRHtSXKKU99IBazS/2w=="],

    "typescript": ["typescript@5.8.3", "", { "bin": { "tsc": "bin/tsc", "tsserver": "bin/tsserver" } }, "sha512-p1diW6TqL9L07nNxvRMM7hMMw4c5XOo/1ibL4aAIGmSAt9slTE1Xgw5KWuof2uTOvCg9BY7ZRi+GaF+7sfgPeQ=="],

    "undici-types": ["undici-types@7.8.0", "", {}, "sha512-9UJ2xGDvQ43tYyVMpuHlsgApydB8ZKfVYTsLDhXkFL/6gfkp+U8xTGdh8pMJv1SpZna0zxG1DwsKZsreLbXBxw=="],

    "unified": ["unified@10.1.2", "", { "dependencies": { "@types/unist": "^2.0.0", "bail": "^2.0.0", "extend": "^3.0.0", "is-buffer": "^2.0.0", "is-plain-obj": "^4.0.0", "trough": "^2.0.0", "vfile": "^5.0.0" } }, "sha512-pUSWAi/RAnVy1Pif2kAoeWNBa3JVrx0MId2LASj8G+7AiHWoKZNTomq6LG326T68U7/e263X6fTdcXIy7XnF7Q=="],

    "unist-util-stringify-position": ["unist-util-stringify-position@3.0.3", "", { "dependencies": { "@types/unist": "^2.0.0" } }, "sha512-k5GzIBZ/QatR8N5X2y+drfpWG8IDBzdnVj6OInRNWm1oXrzydiaAT2OQiA8DPRRZyAKb9b6I2a6PxYklZD0gKg=="],

    "vfile": ["vfile@5.3.7", "", { "dependencies": { "@types/unist": "^2.0.0", "is-buffer": "^2.0.0", "unist-util-stringify-position": "^3.0.0", "vfile-message": "^3.0.0" } }, "sha512-r7qlzkgErKjobAmyNIkkSpizsFPYiUPuJb5pNW1RB4JcYVZhs4lIbVqk8XPk033CV/1z8ss5pkax8SuhGpcG8g=="],

    "vfile-message": ["vfile-message@3.1.4", "", { "dependencies": { "@types/unist": "^2.0.0", "unist-util-stringify-position": "^3.0.0" } }, "sha512-fa0Z6P8HUrQN4BZaX05SIVXic+7kE3b05PWAtPuYP9QLHsLKYR7/AlLW3NtOrpXRLeawpDLMsVkmk5DG0NXgWw=="],

    "@rspress/shared/@rsbuild/core": ["@rsbuild/core@1.3.20", "", { "dependencies": { "@rspack/core": "1.3.10", "@rspack/lite-tapable": "~1.0.1", "@swc/helpers": "^0.5.17", "core-js": "~3.42.0", "jiti": "^2.4.2" }, "bin": { "rsbuild": "bin/rsbuild.js" } }, "sha512-5VxOddgGHaq5x4ONdKOZvLYLj8dhVfCAz+cERNLXrKLzBISouY1A9TJcbZBK4xoH/0DJrDtDzapNA+dI9Jr07Q=="],

    "@rspress/shared/@rsbuild/core/@rspack/core": ["@rspack/core@1.3.10", "", { "dependencies": { "@module-federation/runtime-tools": "0.13.1", "@rspack/binding": "1.3.10", "@rspack/lite-tapable": "1.0.1", "caniuse-lite": "^1.0.30001717" }, "peerDependencies": { "@swc/helpers": ">=0.5.1" }, "optionalPeers": ["@swc/helpers"] }, "sha512-YomvSRGuMUQgCE2rNMdff2q1Z0YpZw/z6m5+PVTMSs9l/q69YKUzpbpSD8YyB5i1DddrRxC2RE34DkrBuwlREQ=="],

    "@rspress/shared/@rsbuild/core/core-js": ["core-js@3.42.0", "", {}, "sha512-Sz4PP4ZA+Rq4II21qkNqOEDTDrCvcANId3xpIgB34NDkWc3UduWj2dqEtN9yZIq8Dk3HyPI33x9sqqU5C8sr0g=="],

    "@rspress/shared/@rsbuild/core/@rspack/core/@module-federation/runtime-tools": ["@module-federation/runtime-tools@0.13.1", "", { "dependencies": { "@module-federation/runtime": "0.13.1", "@module-federation/webpack-bundler-runtime": "0.13.1" } }, "sha512-GEF1pxqLc80osIMZmE8j9UKZSaTm2hX2lql8tgIH/O9yK4wnF06k6LL5Ah+wJt+oJv6Dj55ri/MoxMP4SXoPNA=="],

    "@rspress/shared/@rsbuild/core/@rspack/core/@rspack/binding": ["@rspack/binding@1.3.10", "", { "optionalDependencies": { "@rspack/binding-darwin-arm64": "1.3.10", "@rspack/binding-darwin-x64": "1.3.10", "@rspack/binding-linux-arm64-gnu": "1.3.10", "@rspack/binding-linux-arm64-musl": "1.3.10", "@rspack/binding-linux-x64-gnu": "1.3.10", "@rspack/binding-linux-x64-musl": "1.3.10", "@rspack/binding-win32-arm64-msvc": "1.3.10", "@rspack/binding-win32-ia32-msvc": "1.3.10", "@rspack/binding-win32-x64-msvc": "1.3.10" } }, "sha512-9TjO+Ig5U4VqdYWpBsv01n4d2KsgFfdXGIE7zdHXDDbry0avL0J4109ESqSeP9uC+Bi7ZCF53iaxJRvZDflNVQ=="],

    "@rspress/shared/@rsbuild/core/@rspack/core/@module-federation/runtime-tools/@module-federation/runtime": ["@module-federation/runtime@0.13.1", "", { "dependencies": { "@module-federation/error-codes": "0.13.1", "@module-federation/runtime-core": "0.13.1", "@module-federation/sdk": "0.13.1" } }, "sha512-ZHnYvBquDm49LiHfv6fgagMo/cVJneijNJzfPh6S0CJrPS2Tay1bnTXzy8VA5sdIrESagYPaskKMGIj7YfnPug=="],

    "@rspress/shared/@rsbuild/core/@rspack/core/@module-federation/runtime-tools/@module-federation/webpack-bundler-runtime": ["@module-federation/webpack-bundler-runtime@0.13.1", "", { "dependencies": { "@module-federation/runtime": "0.13.1", "@module-federation/sdk": "0.13.1" } }, "sha512-QSuSIGa09S8mthbB1L6xERqrz+AzPlHR6D7RwAzssAc+IHf40U6NiTLPzUqp9mmKDhC5Tm0EISU0ZHNeJpnpBQ=="],

    "@rspress/shared/@rsbuild/core/@rspack/core/@rspack/binding/@rspack/binding-darwin-arm64": ["@rspack/binding-darwin-arm64@1.3.10", "", { "os": "darwin", "cpu": "arm64" }, "sha512-0k/j8OeMSVm5u5Nzckp9Ie7S7hprnvNegebnGr+L6VCyD7sMqm4m+4rLHs99ZklYdH0dZtY2+LrzrtjUZCqfew=="],

    "@rspress/shared/@rsbuild/core/@rspack/core/@rspack/binding/@rspack/binding-darwin-x64": ["@rspack/binding-darwin-x64@1.3.10", "", { "os": "darwin", "cpu": "x64" }, "sha512-jOyqYW/18cgxw60wK5oqJvM194pbD4H99xaif89McNtLkH3npFvBkXBHVWWuOHGoXNX0LhRpHcI89p9b9THQZQ=="],

    "@rspress/shared/@rsbuild/core/@rspack/core/@rspack/binding/@rspack/binding-linux-arm64-gnu": ["@rspack/binding-linux-arm64-gnu@1.3.10", "", { "os": "linux", "cpu": "arm64" }, "sha512-zhF5ZNaT/7pxrm8xD3dWG1b4x+FO3LbVeZZG448CjpSo5T57kPD+SaGUU1GcPpn6mexf795x0SVS49aH7/e3Dg=="],

    "@rspress/shared/@rsbuild/core/@rspack/core/@rspack/binding/@rspack/binding-linux-arm64-musl": ["@rspack/binding-linux-arm64-musl@1.3.10", "", { "os": "linux", "cpu": "arm64" }, "sha512-o3x7IrOSCHK6lcRvdZgsSuOG1CHRQR00xiyLW7kkWmNm7t417LC9xdFWKIK62C5fKXGC5YcTbUkDMnQujespkg=="],

    "@rspress/shared/@rsbuild/core/@rspack/core/@rspack/binding/@rspack/binding-linux-x64-gnu": ["@rspack/binding-linux-x64-gnu@1.3.10", "", { "os": "linux", "cpu": "x64" }, "sha512-FMSi28VZhXMr15picOHFynULhqZ/FODPxRIS6uNrvPRYcbNuiO1v+VHV6X88mhOMmJ/aVF6OwjUO/o2l1FVa9Q=="],

    "@rspress/shared/@rsbuild/core/@rspack/core/@rspack/binding/@rspack/binding-linux-x64-musl": ["@rspack/binding-linux-x64-musl@1.3.10", "", { "os": "linux", "cpu": "x64" }, "sha512-e0xbY9SlbRGIFz41v1yc0HfREvmgMnLV1bLmTSPK8wI2suIEJ7iYYqsocHOAOk86qLZcxVrTnL6EjUcNaRTWlg=="],

    "@rspress/shared/@rsbuild/core/@rspack/core/@rspack/binding/@rspack/binding-win32-arm64-msvc": ["@rspack/binding-win32-arm64-msvc@1.3.10", "", { "os": "win32", "cpu": "arm64" }, "sha512-YHJPvEujWeWjU6EUF6sDpaec9rsOtKVvy16YCtGaxRpDQXqfuxibnp6Ge0ZTTrY+joRiWehRA9OUI+3McqI+QA=="],

    "@rspress/shared/@rsbuild/core/@rspack/core/@rspack/binding/@rspack/binding-win32-ia32-msvc": ["@rspack/binding-win32-ia32-msvc@1.3.10", "", { "os": "win32", "cpu": "ia32" }, "sha512-2iwSBzVBC89ZSk56MYwgirh3bda2WKmL9I3qPajiTEivChXpX7jp83jAtGE6CPqPYcccYz6nrURTHNUZhqXxVw=="],

    "@rspress/shared/@rsbuild/core/@rspack/core/@rspack/binding/@rspack/binding-win32-x64-msvc": ["@rspack/binding-win32-x64-msvc@1.3.10", "", { "os": "win32", "cpu": "x64" }, "sha512-ehWJ9Y5Zezj/+uJpiWbt29RZaRIM00f91PWuabM6/sKmHJhdCEE21u5iI3B8DeW/EjJsH8zkI69YYAxJWwGn9A=="],

    "@rspress/shared/@rsbuild/core/@rspack/core/@module-federation/runtime-tools/@module-federation/runtime/@module-federation/error-codes": ["@module-federation/error-codes@0.13.1", "", {}, "sha512-azgGDBnFRfqlivHOl96ZjlFUFlukESz2Rnnz/pINiSqoBBNjUE0fcAZP4X6jgrVITuEg90YkruZa7pW9I3m7Uw=="],

    "@rspress/shared/@rsbuild/core/@rspack/core/@module-federation/runtime-tools/@module-federation/runtime/@module-federation/runtime-core": ["@module-federation/runtime-core@0.13.1", "", { "dependencies": { "@module-federation/error-codes": "0.13.1", "@module-federation/sdk": "0.13.1" } }, "sha512-TfyKfkSAentKeuvSsAItk8s5tqQSMfIRTPN2e1aoaq/kFhE+7blps719csyWSX5Lg5Es7WXKMsXHy40UgtBtuw=="],

    "@rspress/shared/@rsbuild/core/@rspack/core/@module-federation/runtime-tools/@module-federation/runtime/@module-federation/sdk": ["@module-federation/sdk@0.13.1", "", {}, "sha512-bmf2FGQ0ymZuxYnw9bIUfhV3y6zDhaqgydEjbl4msObKMLGXZqhse2pTIIxBFpIxR1oONKX/y2FAolDCTlWKiw=="],

    "@rspress/shared/@rsbuild/core/@rspack/core/@module-federation/runtime-tools/@module-federation/webpack-bundler-runtime/@module-federation/sdk": ["@module-federation/sdk@0.13.1", "", {}, "sha512-bmf2FGQ0ymZuxYnw9bIUfhV3y6zDhaqgydEjbl4msObKMLGXZqhse2pTIIxBFpIxR1oONKX/y2FAolDCTlWKiw=="],
  }
}
